// !$*UTF8*$!
{
	archiveVersion = 1;
	classes = {
	};
	objectVersion = 77;
	objects = {

/* Begin PBXBuildFile section */
		DC4701992FFDB1EE00BF5B99 /* PerfilViewModel.swift in Sources */ = {isa = PBXBuildFile; fileRef = DC4701972FFDB1EE00BF5B99 /* PerfilViewModel.swift */; };
		DC47019A2FFDB1EE00BF5B99 /* PerfilView.swift in Sources */ = {isa = PBXBuildFile; fileRef = DC4701962FFDB1EE00BF5B99 /* PerfilView.swift */; };
		DC47019C2FFE0AA900BF5B99 /* EquipoService.swift in Sources */ = {isa = PBXBuildFile; fileRef = DC47019B2FFE0AA900BF5B99 /* EquipoService.swift */; };
		DC4701A12FFE0ADB00BF5B99 /* EditarEjerciciosViewModel.swift in Sources */ = {isa = PBXBuildFile; fileRef = DC47019E2FFE0ADB00BF5B99 /* EditarEjerciciosViewModel.swift */; };
		DC4701A22FFE0ADB00BF5B99 /* EditarEquipoViewModel.swift in Sources */ = {isa = PBXBuildFile; fileRef = DC4701A02FFE0ADB00BF5B99 /* EditarEquipoViewModel.swift */; };
		DC4701A32FFE0ADB00BF5B99 /* EditarEjerciciosView.swift in Sources */ = {isa = PBXBuildFile; fileRef = DC47019D2FFE0ADB00BF5B99 /* EditarEjerciciosView.swift */; };
		DC4701A42FFE0ADB00BF5B99 /* EditarEquipoView.swift in Sources */ = {isa = PBXBuildFile; fileRef = DC47019F2FFE0ADB00BF5B99 /* EditarEquipoView.swift */; };
		DC4701A62FFE103100BF5B99 /* RecordatorioEntrenamientoService.swift in Sources */ = {isa = PBXBuildFile; fileRef = DC4701A52FFE103100BF5B99 /* RecordatorioEntrenamientoService.swift */; };
		DC8B7EBA2FFD9EAB00D636AF /* SustituirEjercicioView.swift in Sources */ = {isa = PBXBuildFile; fileRef = DC8B7EB82FFD9EAB00D636AF /* SustituirEjercicioView.swift */; };
		DC8B7EBB2FFD9EAB00D636AF /* SustituirEjercicioViewModel.swift in Sources */ = {isa = PBXBuildFile; fileRef = DC8B7EB92FFD9EAB00D636AF /* SustituirEjercicioViewModel.swift */; };
		DC8B7EBD2FFD9EC700D636AF /* SustitucionModels.swift in Sources */ = {isa = PBXBuildFile; fileRef = DC8B7EBC2FFD9EC700D636AF /* SustitucionModels.swift */; };
		DC8B7EBF2FFD9ED900D636AF /* SustitucionService.swift in Sources */ = {isa = PBXBuildFile; fileRef = DC8B7EBE2FFD9ED900D636AF /* SustitucionService.swift */; };
		DCDE948B2FFF071F00B9C14A /* Assets.xcassets in Resources */ = {isa = PBXBuildFile; fileRef = DCDE948A2FFF071F00B9C14A /* Assets.xcassets */; };
		DCDE94962FFF515A00B9C14A /* RutinaGuardadaView.swift in Sources */ = {isa = PBXBuildFile; fileRef = DCDE94902FFF515A00B9C14A /* RutinaGuardadaView.swift */; };
		DCDE94972FFF515A00B9C14A /* RutinaUnDiaPropuestaView.swift in Sources */ = {isa = PBXBuildFile; fileRef = DCDE94912FFF515A00B9C14A /* RutinaUnDiaPropuestaView.swift */; };
		DCDE94982FFF515A00B9C14A /* TipoRutinaView.swift in Sources */ = {isa = PBXBuildFile; fileRef = DCDE94942FFF515A00B9C14A /* TipoRutinaView.swift */; };
		DCDE94992FFF515A00B9C14A /* SeleccionMusculosView.swift in Sources */ = {isa = PBXBuildFile; fileRef = DCDE94922FFF515A00B9C14A /* SeleccionMusculosView.swift */; };
		DCDE949A2FFF515A00B9C14A /* ModoEntrenadorInicioView.swift in Sources */ = {isa = PBXBuildFile; fileRef = DCDE948E2FFF515A00B9C14A /* ModoEntrenadorInicioView.swift */; };
		DCDE949B2FFF515A00B9C14A /* ModoEntrenadorComponentes.swift in Sources */ = {isa = PBXBuildFile; fileRef = DCDE948D2FFF515A00B9C14A /* ModoEntrenadorComponentes.swift */; };
		DCDE949C2FFF515A00B9C14A /* ProgramaVariosDiasView.swift in Sources */ = {isa = PBXBuildFile; fileRef = DCDE948F2FFF515A00B9C14A /* ProgramaVariosDiasView.swift */; };
		DCDE949D2FFF515A00B9C14A /* SeleccionMusculosViewModel.swift in Sources */ = {isa = PBXBuildFile; fileRef = DCDE94932FFF515A00B9C14A /* SeleccionMusculosViewModel.swift */; };
		DCFAFAB02FF8E9B400CBCA4F /* Supabase in Frameworks */ = {isa = PBXBuildFile; productRef = DCFAFAAF2FF8E9B400CBCA4F /* Supabase */; };
		DCFAFAB82FF8EC1300CBCA4F /* Equipo.swift in Sources */ = {isa = PBXBuildFile; fileRef = DCFAFAB62FF8EAC100CBCA4F /* Equipo.swift */; };
		DCFAFAB92FF8EC5000CBCA4F /* SupabaseService.swift in Sources */ = {isa = PBXBuildFile; fileRef = DCFAFAB32FF8EA4600CBCA4F /* SupabaseService.swift */; };
		DCFAFAC32FF8F08D00CBCA4F /* AuthViewModel.swift in Sources */ = {isa = PBXBuildFile; fileRef = DCFAFABC2FF8F08D00CBCA4F /* AuthViewModel.swift */; };
		DCFAFAC42FF8F08D00CBCA4F /* LoginView.swift in Sources */ = {isa = PBXBuildFile; fileRef = DCFAFABF2FF8F08D00CBCA4F /* LoginView.swift */; };
		DCFAFAC52FF8F08D00CBCA4F /* Color+Progresa.swift in Sources */ = {isa = PBXBuildFile; fileRef = DCFAFABD2FF8F08D00CBCA4F /* Color+Progresa.swift */; };
		DCFAFAC62FF8F08D00CBCA4F /* RegisterView.swift in Sources */ = {isa = PBXBuildFile; fileRef = DCFAFAC12FF8F08D00CBCA4F /* RegisterView.swift */; };
		DCFAFAC82FF8F08D00CBCA4F /* ForgotPasswordView.swift in Sources */ = {isa = PBXBuildFile; fileRef = DCFAFABE2FF8F08D00CBCA4F /* ForgotPasswordView.swift */; };
		DCFAFAC92FF8F08D00CBCA4F /* Perfil.swift in Sources */ = {isa = PBXBuildFile; fileRef = DCFAFAC02FF8F08D00CBCA4F /* Perfil.swift */; };
		DCFAFACA2FF8F08D00CBCA4F /* AuthContainerView.swift in Sources */ = {isa = PBXBuildFile; fileRef = DCFAFABB2FF8F08D00CBCA4F /* AuthContainerView.swift */; };
		DCFAFAD02FF8F6DB00CBCA4F /* HomeView.swift in Sources */ = {isa = PBXBuildFile; fileRef = DCFAFACD2FF8F6DB00CBCA4F /* HomeView.swift */; };
		DCFAFAD12FF8F6DB00CBCA4F /* HomeViewModel.swift in Sources */ = {isa = PBXBuildFile; fileRef = DCFAFACE2FF8F6DB00CBCA4F /* HomeViewModel.swift */; };
		DCFAFAD22FF8F6DB00CBCA4F /* MainTabView.swift in Sources */ = {isa = PBXBuildFile; fileRef = DCFAFACF2FF8F6DB00CBCA4F /* MainTabView.swift */; };
		DCFAFAD62FF8F72600CBCA4F /* RutinaService.swift in Sources */ = {isa = PBXBuildFile; fileRef = DCFAFAD52FF8F72600CBCA4F /* RutinaService.swift */; };
		DCFAFAD92FF9B3F700CBCA4F /* RutinaListView.swift in Sources */ = {isa = PBXBuildFile; fileRef = DCFAFAD82FF9B3F700CBCA4F /* RutinaListView.swift */; };
		DCFAFADB2FF9B41000CBCA4F /* RutinaListViewModel.swift in Sources */ = {isa = PBXBuildFile; fileRef = DCFAFADA2FF9B41000CBCA4F /* RutinaListViewModel.swift */; };
		DCFAFADD2FF9B42900CBCA4F /* RutinaEditorView.swift in Sources */ = {isa = PBXBuildFile; fileRef = DCFAFADC2FF9B42900CBCA4F /* RutinaEditorView.swift */; };
		DCFAFADF2FF9B43500CBCA4F /* RutinaEditorViewModel.swift in Sources */ = {isa = PBXBuildFile; fileRef = DCFAFADE2FF9B43500CBCA4F /* RutinaEditorViewModel.swift */; };
		DCFAFAE12FF9B44B00CBCA4F /* EstructuraRutinaView.swift in Sources */ = {isa = PBXBuildFile; fileRef = DCFAFAE02FF9B44B00CBCA4F /* EstructuraRutinaView.swift */; };
		DCFAFAE32FF9B45700CBCA4F /* EstructuraRutinaViewModel.swift in Sources */ = {isa = PBXBuildFile; fileRef = DCFAFAE22FF9B45700CBCA4F /* EstructuraRutinaViewModel.swift */; };
		DCFAFAE62FF9B46A00CBCA4F /* DiaEditorViewModel.swift in Sources */ = {isa = PBXBuildFile; fileRef = DCFAFAE52FF9B46A00CBCA4F /* DiaEditorViewModel.swift */; };
		DCFAFAE72FF9B46A00CBCA4F /* DiaEditorView.swift in Sources */ = {isa = PBXBuildFile; fileRef = DCFAFAE42FF9B46A00CBCA4F /* DiaEditorView.swift */; };
		DCFAFAE92FF9B48200CBCA4F /* EjercicioPickerView.swift in Sources */ = {isa = PBXBuildFile; fileRef = DCFAFAE82FF9B48200CBCA4F /* EjercicioPickerView.swift */; };
		DCFAFAEC2FF9B4D500CBCA4F /* DiaRutina.swift in Sources */ = {isa = PBXBuildFile; fileRef = DCFAFAEA2FF9B4D500CBCA4F /* DiaRutina.swift */; };
		DCFAFAED2FF9B4D500CBCA4F /* EjercicioDiaPayloads.swift in Sources */ = {isa = PBXBuildFile; fileRef = DCFAFAEB2FF9B4D500CBCA4F /* EjercicioDiaPayloads.swift */; };
		DCFAFAEF2FF9B4F200CBCA4F /* Rutina.swift in Sources */ = {isa = PBXBuildFile; fileRef = DCFAFAEE2FF9B4F200CBCA4F /* Rutina.swift */; };
		DCFAFAF32FF9BA4E00CBCA4F /* RegistroEntrenamiento.swift in Sources */ = {isa = PBXBuildFile; fileRef = DCFAFAF22FF9BA4E00CBCA4F /* RegistroEntrenamiento.swift */; };
		DCFAFAF52FF9BA6500CBCA4F /* RegistroService.swift in Sources */ = {isa = PBXBuildFile; fileRef = DCFAFAF42FF9BA6500CBCA4F /* RegistroService.swift */; };
		DCFAFAF92FF9BA9600CBCA4F /* EjecucionRutinaView.swift in Sources */ = {isa = PBXBuildFile; fileRef = DCFAFAF72FF9BA9600CBCA4F /* EjecucionRutinaView.swift */; };
		DCFAFAFA2FF9BA9600CBCA4F /* EjecucionRutinaViewModel.swift in Sources */ = {isa = PBXBuildFile; fileRef = DCFAFAF82FF9BA9600CBCA4F /* EjecucionRutinaViewModel.swift */; };
		DCFAFAFD2FF9CFB900CBCA4F /* ProgresoEjercicioViewModel.swift in Sources */ = {isa = PBXBuildFile; fileRef = DCFAFAFC2FF9CFB900CBCA4F /* ProgresoEjercicioViewModel.swift */; };
		DCFAFAFE2FF9CFB900CBCA4F /* ProgresoEjercicioView.swift in Sources */ = {isa = PBXBuildFile; fileRef = DCFAFAFB2FF9CFB900CBCA4F /* ProgresoEjercicioView.swift */; };
		DCFAFB012FF9CFE300CBCA4F /* ProgresaComponentes.swift in Sources */ = {isa = PBXBuildFile; fileRef = DCFAFB002FF9CFE300CBCA4F /* ProgresaComponentes.swift */; };
		DCFAFB032FF9E05C00CBCA4F /* CalendarStripView.swift in Sources */ = {isa = PBXBuildFile; fileRef = DCFAFB022FF9E05C00CBCA4F /* CalendarStripView.swift */; };
/* End PBXBuildFile section */

/* Begin PBXFileReference section */
		DC4701962FFDB1EE00BF5B99 /* PerfilView.swift */ = {isa = PBXFileReference; lastKnownFileType = sourcecode.swift; path = PerfilView.swift; sourceTree = "<group>"; };
		DC4701972FFDB1EE00BF5B99 /* PerfilViewModel.swift */ = {isa = PBXFileReference; lastKnownFileType = sourcecode.swift; path = PerfilViewModel.swift; sourceTree = "<group>"; };
		DC47019B2FFE0AA900BF5B99 /* EquipoService.swift */ = {isa = PBXFileReference; lastKnownFileType = sourcecode.swift; path = EquipoService.swift; sourceTree = "<group>"; };
		DC47019D2FFE0ADB00BF5B99 /* EditarEjerciciosView.swift */ = {isa = PBXFileReference; lastKnownFileType = sourcecode.swift; path = EditarEjerciciosView.swift; sourceTree = "<group>"; };
		DC47019E2FFE0ADB00BF5B99 /* EditarEjerciciosViewModel.swift */ = {isa = PBXFileReference; lastKnownFileType = sourcecode.swift; path = EditarEjerciciosViewModel.swift; sourceTree = "<group>"; };
		DC47019F2FFE0ADB00BF5B99 /* EditarEquipoView.swift */ = {isa = PBXFileReference; lastKnownFileType = sourcecode.swift; path = EditarEquipoView.swift; sourceTree = "<group>"; };
		DC4701A02FFE0ADB00BF5B99 /* EditarEquipoViewModel.swift */ = {isa = PBXFileReference; lastKnownFileType = sourcecode.swift; path = EditarEquipoViewModel.swift; sourceTree = "<group>"; };
		DC4701A52FFE103100BF5B99 /* RecordatorioEntrenamientoService.swift */ = {isa = PBXFileReference; lastKnownFileType = sourcecode.swift; path = RecordatorioEntrenamientoService.swift; sourceTree = "<group>"; };
		DC8B7EB82FFD9EAB00D636AF /* SustituirEjercicioView.swift */ = {isa = PBXFileReference; lastKnownFileType = sourcecode.swift; path = SustituirEjercicioView.swift; sourceTree = "<group>"; };
		DC8B7EB92FFD9EAB00D636AF /* SustituirEjercicioViewModel.swift */ = {isa = PBXFileReference; lastKnownFileType = sourcecode.swift; path = SustituirEjercicioViewModel.swift; sourceTree = "<group>"; };
		DC8B7EBC2FFD9EC700D636AF /* SustitucionModels.swift */ = {isa = PBXFileReference; lastKnownFileType = sourcecode.swift; path = SustitucionModels.swift; sourceTree = "<group>"; };
		DC8B7EBE2FFD9ED900D636AF /* SustitucionService.swift */ = {isa = PBXFileReference; lastKnownFileType = sourcecode.swift; path = SustitucionService.swift; sourceTree = "<group>"; };
		DCDE948A2FFF071F00B9C14A /* Assets.xcassets */ = {isa = PBXFileReference; lastKnownFileType = folder.assetcatalog; path = Assets.xcassets; sourceTree = "<group>"; };
		DCDE948D2FFF515A00B9C14A /* ModoEntrenadorComponentes.swift */ = {isa = PBXFileReference; lastKnownFileType = sourcecode.swift; path = ModoEntrenadorComponentes.swift; sourceTree = "<group>"; };
		DCDE948E2FFF515A00B9C14A /* ModoEntrenadorInicioView.swift */ = {isa = PBXFileReference; lastKnownFileType = sourcecode.swift; path = ModoEntrenadorInicioView.swift; sourceTree = "<group>"; };
		DCDE948F2FFF515A00B9C14A /* ProgramaVariosDiasView.swift */ = {isa = PBXFileReference; lastKnownFileType = sourcecode.swift; path = ProgramaVariosDiasView.swift; sourceTree = "<group>"; };
		DCDE94902FFF515A00B9C14A /* RutinaGuardadaView.swift */ = {isa = PBXFileReference; lastKnownFileType = sourcecode.swift; path = RutinaGuardadaView.swift; sourceTree = "<group>"; };
		DCDE94912FFF515A00B9C14A /* RutinaUnDiaPropuestaView.swift */ = {isa = PBXFileReference; lastKnownFileType = sourcecode.swift; path = RutinaUnDiaPropuestaView.swift; sourceTree = "<group>"; };
		DCDE94922FFF515A00B9C14A /* SeleccionMusculosView.swift */ = {isa = PBXFileReference; lastKnownFileType = sourcecode.swift; path = SeleccionMusculosView.swift; sourceTree = "<group>"; };
		DCDE94932FFF515A00B9C14A /* SeleccionMusculosViewModel.swift */ = {isa = PBXFileReference; lastKnownFileType = sourcecode.swift; path = SeleccionMusculosViewModel.swift; sourceTree = "<group>"; };
		DCDE94942FFF515A00B9C14A /* TipoRutinaView.swift */ = {isa = PBXFileReference; lastKnownFileType = sourcecode.swift; path = TipoRutinaView.swift; sourceTree = "<group>"; };
		DCFAFAA02FF8E62E00CBCA4F /* Avoro.app */ = {isa = PBXFileReference; explicitFileType = wrapper.application; includeInIndex = 0; path = Avoro.app; sourceTree = BUILT_PRODUCTS_DIR; };
		DCFAFAB32FF8EA4600CBCA4F /* SupabaseService.swift */ = {isa = PBXFileReference; lastKnownFileType = sourcecode.swift; path = SupabaseService.swift; sourceTree = "<group>"; };
		DCFAFAB62FF8EAC100CBCA4F /* Equipo.swift */ = {isa = PBXFileReference; lastKnownFileType = sourcecode.swift; path = Equipo.swift; sourceTree = "<group>"; };
		DCFAFABB2FF8F08D00CBCA4F /* AuthContainerView.swift */ = {isa = PBXFileReference; lastKnownFileType = sourcecode.swift; path = AuthContainerView.swift; sourceTree = "<group>"; };
		DCFAFABC2FF8F08D00CBCA4F /* AuthViewModel.swift */ = {isa = PBXFileReference; lastKnownFileType = sourcecode.swift; path = AuthViewModel.swift; sourceTree = "<group>"; };
		DCFAFABD2FF8F08D00CBCA4F /* Color+Progresa.swift */ = {isa = PBXFileReference; lastKnownFileType = sourcecode.swift; path = "Color+Progresa.swift"; sourceTree = "<group>"; };
		DCFAFABE2FF8F08D00CBCA4F /* ForgotPasswordView.swift */ = {isa = PBXFileReference; lastKnownFileType = sourcecode.swift; path = ForgotPasswordView.swift; sourceTree = "<group>"; };
		DCFAFABF2FF8F08D00CBCA4F /* LoginView.swift */ = {isa = PBXFileReference; lastKnownFileType = sourcecode.swift; path = LoginView.swift; sourceTree = "<group>"; };
		DCFAFAC02FF8F08D00CBCA4F /* Perfil.swift */ = {isa = PBXFileReference; lastKnownFileType = sourcecode.swift; path = Perfil.swift; sourceTree = "<group>"; };
		DCFAFAC12FF8F08D00CBCA4F /* RegisterView.swift */ = {isa = PBXFileReference; lastKnownFileType = sourcecode.swift; path = RegisterView.swift; sourceTree = "<group>"; };
		DCFAFACD2FF8F6DB00CBCA4F /* HomeView.swift */ = {isa = PBXFileReference; lastKnownFileType = sourcecode.swift; path = HomeView.swift; sourceTree = "<group>"; };
		DCFAFACE2FF8F6DB00CBCA4F /* HomeViewModel.swift */ = {isa = PBXFileReference; lastKnownFileType = sourcecode.swift; path = HomeViewModel.swift; sourceTree = "<group>"; };
		DCFAFACF2FF8F6DB00CBCA4F /* MainTabView.swift */ = {isa = PBXFileReference; lastKnownFileType = sourcecode.swift; path = MainTabView.swift; sourceTree = "<group>"; };
		DCFAFAD52FF8F72600CBCA4F /* RutinaService.swift */ = {isa = PBXFileReference; lastKnownFileType = sourcecode.swift; path = RutinaService.swift; sourceTree = "<group>"; };
		DCFAFAD82FF9B3F700CBCA4F /* RutinaListView.swift */ = {isa = PBXFileReference; lastKnownFileType = sourcecode.swift; path = RutinaListView.swift; sourceTree = "<group>"; };
		DCFAFADA2FF9B41000CBCA4F /* RutinaListViewModel.swift */ = {isa = PBXFileReference; lastKnownFileType = sourcecode.swift; path = RutinaListViewModel.swift; sourceTree = "<group>"; };
		DCFAFADC2FF9B42900CBCA4F /* RutinaEditorView.swift */ = {isa = PBXFileReference; lastKnownFileType = sourcecode.swift; path = RutinaEditorView.swift; sourceTree = "<group>"; };
		DCFAFADE2FF9B43500CBCA4F /* RutinaEditorViewModel.swift */ = {isa = PBXFileReference; lastKnownFileType = sourcecode.swift; path = RutinaEditorViewModel.swift; sourceTree = "<group>"; };
		DCFAFAE02FF9B44B00CBCA4F /* EstructuraRutinaView.swift */ = {isa = PBXFileReference; lastKnownFileType = sourcecode.swift; path = EstructuraRutinaView.swift; sourceTree = "<group>"; };
		DCFAFAE22FF9B45700CBCA4F /* EstructuraRutinaViewModel.swift */ = {isa = PBXFileReference; lastKnownFileType = sourcecode.swift; path = EstructuraRutinaViewModel.swift; sourceTree = "<group>"; };
		DCFAFAE42FF9B46A00CBCA4F /* DiaEditorView.swift */ = {isa = PBXFileReference; lastKnownFileType = sourcecode.swift; path = DiaEditorView.swift; sourceTree = "<group>"; };
		DCFAFAE52FF9B46A00CBCA4F /* DiaEditorViewModel.swift */ = {isa = PBXFileReference; lastKnownFileType = sourcecode.swift; path = DiaEditorViewModel.swift; sourceTree = "<group>"; };
		DCFAFAE82FF9B48200CBCA4F /* EjercicioPickerView.swift */ = {isa = PBXFileReference; lastKnownFileType = sourcecode.swift; path = EjercicioPickerView.swift; sourceTree = "<group>"; };
		DCFAFAEA2FF9B4D500CBCA4F /* DiaRutina.swift */ = {isa = PBXFileReference; lastKnownFileType = sourcecode.swift; path = DiaRutina.swift; sourceTree = "<group>"; };
		DCFAFAEB2FF9B4D500CBCA4F /* EjercicioDiaPayloads.swift */ = {isa = PBXFileReference; lastKnownFileType = sourcecode.swift; path = EjercicioDiaPayloads.swift; sourceTree = "<group>"; };
		DCFAFAEE2FF9B4F200CBCA4F /* Rutina.swift */ = {isa = PBXFileReference; lastKnownFileType = sourcecode.swift; path = Rutina.swift; sourceTree = "<group>"; };
		DCFAFAF22FF9BA4E00CBCA4F /* RegistroEntrenamiento.swift */ = {isa = PBXFileReference; lastKnownFileType = sourcecode.swift; path = RegistroEntrenamiento.swift; sourceTree = "<group>"; };
		DCFAFAF42FF9BA6500CBCA4F /* RegistroService.swift */ = {isa = PBXFileReference; lastKnownFileType = sourcecode.swift; path = RegistroService.swift; sourceTree = "<group>"; };
		DCFAFAF72FF9BA9600CBCA4F /* EjecucionRutinaView.swift */ = {isa = PBXFileReference; lastKnownFileType = sourcecode.swift; path = EjecucionRutinaView.swift; sourceTree = "<group>"; };
		DCFAFAF82FF9BA9600CBCA4F /* EjecucionRutinaViewModel.swift */ = {isa = PBXFileReference; lastKnownFileType = sourcecode.swift; path = EjecucionRutinaViewModel.swift; sourceTree = "<group>"; };
		DCFAFAFB2FF9CFB900CBCA4F /* ProgresoEjercicioView.swift */ = {isa = PBXFileReference; lastKnownFileType = sourcecode.swift; path = ProgresoEjercicioView.swift; sourceTree = "<group>"; };
		DCFAFAFC2FF9CFB900CBCA4F /* ProgresoEjercicioViewModel.swift */ = {isa = PBXFileReference; lastKnownFileType = sourcecode.swift; path = ProgresoEjercicioViewModel.swift; sourceTree = "<group>"; };
		DCFAFB002FF9CFE300CBCA4F /* ProgresaComponentes.swift */ = {isa = PBXFileReference; lastKnownFileType = sourcecode.swift; path = ProgresaComponentes.swift; sourceTree = "<group>"; };
		DCFAFB022FF9E05C00CBCA4F /* CalendarStripView.swift */ = {isa = PBXFileReference; lastKnownFileType = sourcecode.swift; path = CalendarStripView.swift; sourceTree = "<group>"; };
/* End PBXFileReference section */

/* Begin PBXFileSystemSynchronizedRootGroup section */
		DCFAFAA22FF8E62E00CBCA4F /* Avoro */ = {
			isa = PBXFileSystemSynchronizedRootGroup;
			path = Avoro;
			sourceTree = "<group>";
		};
/* End PBXFileSystemSynchronizedRootGroup section */

/* Begin PBXFrameworksBuildPhase section */
		DCFAFA9D2FF8E62E00CBCA4F /* Frameworks */ = {
			isa = PBXFrameworksBuildPhase;
			buildActionMask = 2147483647;
			files = (
				DCFAFAB02FF8E9B400CBCA4F /* Supabase in Frameworks */,
			);
			runOnlyForDeploymentPostprocessing = 0;
		};
/* End PBXFrameworksBuildPhase section */

/* Begin PBXGroup section */
		DC4701982FFDB1EE00BF5B99 /* Perfil */ = {
			isa = PBXGroup;
			children = (
				DC47019D2FFE0ADB00BF5B99 /* EditarEjerciciosView.swift */,
				DC47019E2FFE0ADB00BF5B99 /* EditarEjerciciosViewModel.swift */,
				DC47019F2FFE0ADB00BF5B99 /* EditarEquipoView.swift */,
				DC4701A02FFE0ADB00BF5B99 /* EditarEquipoViewModel.swift */,
				DC4701962FFDB1EE00BF5B99 /* PerfilView.swift */,
				DC4701972FFDB1EE00BF5B99 /* PerfilViewModel.swift */,
			);
			path = Perfil;
			sourceTree = "<group>";
		};
		DC8B7EB62FFD9E5E00D636AF /* Sustituir */ = {
			isa = PBXGroup;
			children = (
				DC8B7EB82FFD9EAB00D636AF /* SustituirEjercicioView.swift */,
				DC8B7EB92FFD9EAB00D636AF /* SustituirEjercicioViewModel.swift */,
			);
			path = Sustituir;
			sourceTree = "<group>";
		};
		DCDE94952FFF515A00B9C14A /* ModoEntrenador */ = {
			isa = PBXGroup;
			children = (
				DCDE948D2FFF515A00B9C14A /* ModoEntrenadorComponentes.swift */,
				DCDE948E2FFF515A00B9C14A /* ModoEntrenadorInicioView.swift */,
				DCDE948F2FFF515A00B9C14A /* ProgramaVariosDiasView.swift */,
				DCDE94902FFF515A00B9C14A /* RutinaGuardadaView.swift */,
				DCDE94912FFF515A00B9C14A /* RutinaUnDiaPropuestaView.swift */,
				DCDE94922FFF515A00B9C14A /* SeleccionMusculosView.swift */,
				DCDE94932FFF515A00B9C14A /* SeleccionMusculosViewModel.swift */,
				DCDE94942FFF515A00B9C14A /* TipoRutinaView.swift */,
			);
			path = ModoEntrenador;
			sourceTree = "<group>";
		};
		DCFAFA972FF8E62E00CBCA4F = {
			isa = PBXGroup;
			children = (
				DCDE948A2FFF071F00B9C14A /* Assets.xcassets */,
				DC8B7EB62FFD9E5E00D636AF /* Sustituir */,
				DCFAFAFF2FF9CFD800CBCA4F /* Shared */,
				DCFAFAF62FF9BA7F00CBCA4F /* Ejecucion */,
				DCFAFAD72FF9B3CA00CBCA4F /* Rutinas */,
				DCFAFACC2FF8F6B700CBCA4F /* Home */,
				DCFAFABA2FF8F03B00CBCA4F /* Auth */,
				DCFAFAB42FF8EAA100CBCA4F /* Models */,
				DCFAFAB12FF8EA1000CBCA4F /* Services */,
				DCFAFAA22FF8E62E00CBCA4F /* Avoro */,
				DCFAFAA12FF8E62E00CBCA4F /* Products */,
				DC4701982FFDB1EE00BF5B99 /* Perfil */,
				DCDE94952FFF515A00B9C14A /* ModoEntrenador */,
			);
			sourceTree = "<group>";
		};
		DCFAFAA12FF8E62E00CBCA4F /* Products */ = {
			isa = PBXGroup;
			children = (
				DCFAFAA02FF8E62E00CBCA4F /* Avoro.app */,
			);
			name = Products;
			sourceTree = "<group>";
		};
		DCFAFAB12FF8EA1000CBCA4F /* Services */ = {
			isa = PBXGroup;
			children = (
				DC4701A52FFE103100BF5B99 /* RecordatorioEntrenamientoService.swift */,
				DCFAFAF42FF9BA6500CBCA4F /* RegistroService.swift */,
				DCFAFAD52FF8F72600CBCA4F /* RutinaService.swift */,
				DCFAFAB32FF8EA4600CBCA4F /* SupabaseService.swift */,
				DC8B7EBE2FFD9ED900D636AF /* SustitucionService.swift */,
				DC47019B2FFE0AA900BF5B99 /* EquipoService.swift */,
			);
			path = Services;
			sourceTree = "<group>";
		};
		DCFAFAB42FF8EAA100CBCA4F /* Models */ = {
			isa = PBXGroup;
			children = (
				DCFAFAF22FF9BA4E00CBCA4F /* RegistroEntrenamiento.swift */,
				DCFAFAEE2FF9B4F200CBCA4F /* Rutina.swift */,
				DCFAFAEA2FF9B4D500CBCA4F /* DiaRutina.swift */,
				DCFAFAEB2FF9B4D500CBCA4F /* EjercicioDiaPayloads.swift */,
				DCFAFAB62FF8EAC100CBCA4F /* Equipo.swift */,
				DC8B7EBC2FFD9EC700D636AF /* SustitucionModels.swift */,
			);
			path = Models;
			sourceTree = "<group>";
		};
		DCFAFABA2FF8F03B00CBCA4F /* Auth */ = {
			isa = PBXGroup;
			children = (
				DCFAFABB2FF8F08D00CBCA4F /* AuthContainerView.swift */,
				DCFAFABC2FF8F08D00CBCA4F /* AuthViewModel.swift */,
				DCFAFABD2FF8F08D00CBCA4F /* Color+Progresa.swift */,
				DCFAFABE2FF8F08D00CBCA4F /* ForgotPasswordView.swift */,
				DCFAFABF2FF8F08D00CBCA4F /* LoginView.swift */,
				DCFAFAC02FF8F08D00CBCA4F /* Perfil.swift */,
				DCFAFAC12FF8F08D00CBCA4F /* RegisterView.swift */,
			);
			path = Auth;
			sourceTree = "<group>";
		};
		DCFAFACC2FF8F6B700CBCA4F /* Home */ = {
			isa = PBXGroup;
			children = (
				DCFAFB022FF9E05C00CBCA4F /* CalendarStripView.swift */,
				DCFAFACD2FF8F6DB00CBCA4F /* HomeView.swift */,
				DCFAFACE2FF8F6DB00CBCA4F /* HomeViewModel.swift */,
				DCFAFACF2FF8F6DB00CBCA4F /* MainTabView.swift */,
			);
			path = Home;
			sourceTree = "<group>";
		};
		DCFAFAD72FF9B3CA00CBCA4F /* Rutinas */ = {
			isa = PBXGroup;
			children = (
				DCFAFAE22FF9B45700CBCA4F /* EstructuraRutinaViewModel.swift */,
				DCFAFAE42FF9B46A00CBCA4F /* DiaEditorView.swift */,
				DCFAFAE82FF9B48200CBCA4F /* EjercicioPickerView.swift */,
				DCFAFAE52FF9B46A00CBCA4F /* DiaEditorViewModel.swift */,
				DCFAFAE02FF9B44B00CBCA4F /* EstructuraRutinaView.swift */,
				DCFAFADE2FF9B43500CBCA4F /* RutinaEditorViewModel.swift */,
				DCFAFADA2FF9B41000CBCA4F /* RutinaListViewModel.swift */,
				DCFAFADC2FF9B42900CBCA4F /* RutinaEditorView.swift */,
				DCFAFAD82FF9B3F700CBCA4F /* RutinaListView.swift */,
			);
			path = Rutinas;
			sourceTree = "<group>";
		};
		DCFAFAF62FF9BA7F00CBCA4F /* Ejecucion */ = {
			isa = PBXGroup;
			children = (
				DCFAFAFB2FF9CFB900CBCA4F /* ProgresoEjercicioView.swift */,
				DCFAFAFC2FF9CFB900CBCA4F /* ProgresoEjercicioViewModel.swift */,
				DCFAFAF72FF9BA9600CBCA4F /* EjecucionRutinaView.swift */,
				DCFAFAF82FF9BA9600CBCA4F /* EjecucionRutinaViewModel.swift */,
			);
			path = Ejecucion;
			sourceTree = "<group>";
		};
		DCFAFAFF2FF9CFD800CBCA4F /* Shared */ = {
			isa = PBXGroup;
			children = (
				DCFAFB002FF9CFE300CBCA4F /* ProgresaComponentes.swift */,
			);
			path = Shared;
			sourceTree = "<group>";
		};
/* End PBXGroup section */

/* Begin PBXNativeTarget section */
		DCFAFA9F2FF8E62E00CBCA4F /* Avoro */ = {
			isa = PBXNativeTarget;
			buildConfigurationList = DCFAFAAB2FF8E63000CBCA4F /* Build configuration list for PBXNativeTarget "Avoro" */;
			buildPhases = (
				DCFAFA9C2FF8E62E00CBCA4F /* Sources */,
				DCFAFA9D2FF8E62E00CBCA4F /* Frameworks */,
				DCFAFA9E2FF8E62E00CBCA4F /* Resources */,
			);
			buildRules = (
			);
			dependencies = (
			);
			fileSystemSynchronizedGroups = (
				DCFAFAA22FF8E62E00CBCA4F /* Avoro */,
			);
			name = Avoro;
			packageProductDependencies = (
				DCFAFAAF2FF8E9B400CBCA4F /* Supabase */,
			);
			productName = Avoro;
			productReference = DCFAFAA02FF8E62E00CBCA4F /* Avoro.app */;
			productType = "com.apple.product-type.application";
		};
/* End PBXNativeTarget section */

/* Begin PBXProject section */
		DCFAFA982FF8E62E00CBCA4F /* Project object */ = {
			isa = PBXProject;
			attributes = {
				BuildIndependentTargetsInParallel = 1;
				LastSwiftUpdateCheck = 2630;
				LastUpgradeCheck = 2630;
				TargetAttributes = {
					DCFAFA9F2FF8E62E00CBCA4F = {
						CreatedOnToolsVersion = 26.3;
					};
				};
			};
			buildConfigurationList = DCFAFA9B2FF8E62E00CBCA4F /* Build configuration list for PBXProject "Avoro" */;
			developmentRegion = en;
			hasScannedForEncodings = 0;
			knownRegions = (
				en,
				Base,
			);
			mainGroup = DCFAFA972FF8E62E00CBCA4F;
			minimizedProjectReferenceProxies = 1;
			packageReferences = (
				DCFAFAAE2FF8E9B400CBCA4F /* XCRemoteSwiftPackageReference "supabase-swift" */,
			);
			preferredProjectObjectVersion = 77;
			productRefGroup = DCFAFAA12FF8E62E00CBCA4F /* Products */;
			projectDirPath = "";
			projectRoot = "";
			targets = (
				DCFAFA9F2FF8E62E00CBCA4F /* Avoro */,
			);
		};
/* End PBXProject section */

/* Begin PBXResourcesBuildPhase section */
		DCFAFA9E2FF8E62E00CBCA4F /* Resources */ = {
			isa = PBXResourcesBuildPhase;
			buildActionMask = 2147483647;
			files = (
				DCDE948B2FFF071F00B9C14A /* Assets.xcassets in Resources */,
			);
			runOnlyForDeploymentPostprocessing = 0;
		};
/* End PBXResourcesBuildPhase section */

/* Begin PBXSourcesBuildPhase section */
		DCFAFA9C2FF8E62E00CBCA4F /* Sources */ = {
			isa = PBXSourcesBuildPhase;
			buildActionMask = 2147483647;
			files = (
				DCFAFAEC2FF9B4D500CBCA4F /* DiaRutina.swift in Sources */,
				DCFAFAED2FF9B4D500CBCA4F /* EjercicioDiaPayloads.swift in Sources */,
				DCFAFAC32FF8F08D00CBCA4F /* AuthViewModel.swift in Sources */,
				DCFAFAE32FF9B45700CBCA4F /* EstructuraRutinaViewModel.swift in Sources */,
				DCFAFAC42FF8F08D00CBCA4F /* LoginView.swift in Sources */,
				DCFAFAE62FF9B46A00CBCA4F /* DiaEditorViewModel.swift in Sources */,
				DCFAFAF52FF9BA6500CBCA4F /* RegistroService.swift in Sources */,
				DCFAFAE72FF9B46A00CBCA4F /* DiaEditorView.swift in Sources */,
				DCFAFAD02FF8F6DB00CBCA4F /* HomeView.swift in Sources */,
				DCFAFAD12FF8F6DB00CBCA4F /* HomeViewModel.swift in Sources */,
				DCFAFB032FF9E05C00CBCA4F /* CalendarStripView.swift in Sources */,
				DCFAFADF2FF9B43500CBCA4F /* RutinaEditorViewModel.swift in Sources */,
				DCFAFAD22FF8F6DB00CBCA4F /* MainTabView.swift in Sources */,
				DCFAFAEF2FF9B4F200CBCA4F /* Rutina.swift in Sources */,
				DCFAFAC52FF8F08D00CBCA4F /* Color+Progresa.swift in Sources */,
				DCFAFAD62FF8F72600CBCA4F /* RutinaService.swift in Sources */,
				DCFAFB012FF9CFE300CBCA4F /* ProgresaComponentes.swift in Sources */,
				DCFAFAC62FF8F08D00CBCA4F /* RegisterView.swift in Sources */,
				DCFAFAD92FF9B3F700CBCA4F /* RutinaListView.swift in Sources */,
				DCFAFAC82FF8F08D00CBCA4F /* ForgotPasswordView.swift in Sources */,
				DC8B7EBD2FFD9EC700D636AF /* SustitucionModels.swift in Sources */,
				DCFAFAC92FF8F08D00CBCA4F /* Perfil.swift in Sources */,
				DCFAFAE12FF9B44B00CBCA4F /* EstructuraRutinaView.swift in Sources */,
				DCFAFADD2FF9B42900CBCA4F /* RutinaEditorView.swift in Sources */,
				DCFAFAE92FF9B48200CBCA4F /* EjercicioPickerView.swift in Sources */,
				DCFAFAF32FF9BA4E00CBCA4F /* RegistroEntrenamiento.swift in Sources */,
				DCFAFACA2FF8F08D00CBCA4F /* AuthContainerView.swift in Sources */,
				DC8B7EBF2FFD9ED900D636AF /* SustitucionService.swift in Sources */,
				DC4701A12FFE0ADB00BF5B99 /* EditarEjerciciosViewModel.swift in Sources */,
				DC4701A22FFE0ADB00BF5B99 /* EditarEquipoViewModel.swift in Sources */,
				DC4701A32FFE0ADB00BF5B99 /* EditarEjerciciosView.swift in Sources */,
				DC4701A42FFE0ADB00BF5B99 /* EditarEquipoView.swift in Sources */,
				DCFAFAFD2FF9CFB900CBCA4F /* ProgresoEjercicioViewModel.swift in Sources */,
				DCDE94962FFF515A00B9C14A /* RutinaGuardadaView.swift in Sources */,
				DCDE94972FFF515A00B9C14A /* RutinaUnDiaPropuestaView.swift in Sources */,
				DCDE94982FFF515A00B9C14A /* TipoRutinaView.swift in Sources */,
				DCDE94992FFF515A00B9C14A /* SeleccionMusculosView.swift in Sources */,
				DCDE949A2FFF515A00B9C14A /* ModoEntrenadorInicioView.swift in Sources */,
				DCDE949B2FFF515A00B9C14A /* ModoEntrenadorComponentes.swift in Sources */,
				DCDE949C2FFF515A00B9C14A /* ProgramaVariosDiasView.swift in Sources */,
				DCDE949D2FFF515A00B9C14A /* SeleccionMusculosViewModel.swift in Sources */,
				DCFAFAFE2FF9CFB900CBCA4F /* ProgresoEjercicioView.swift in Sources */,
				DCFAFAB92FF8EC5000CBCA4F /* SupabaseService.swift in Sources */,
				DCFAFADB2FF9B41000CBCA4F /* RutinaListViewModel.swift in Sources */,
				DC47019C2FFE0AA900BF5B99 /* EquipoService.swift in Sources */,
				DCFAFAF92FF9BA9600CBCA4F /* EjecucionRutinaView.swift in Sources */,
				DCFAFAFA2FF9BA9600CBCA4F /* EjecucionRutinaViewModel.swift in Sources */,
				DC8B7EBA2FFD9EAB00D636AF /* SustituirEjercicioView.swift in Sources */,
				DC8B7EBB2FFD9EAB00D636AF /* SustituirEjercicioViewModel.swift in Sources */,
				DC4701992FFDB1EE00BF5B99 /* PerfilViewModel.swift in Sources */,
				DC47019A2FFDB1EE00BF5B99 /* PerfilView.swift in Sources */,
				DC4701A62FFE103100BF5B99 /* RecordatorioEntrenamientoService.swift in Sources */,
				DCFAFAB82FF8EC1300CBCA4F /* Equipo.swift in Sources */,
			);
			runOnlyForDeploymentPostprocessing = 0;
		};
/* End PBXSourcesBuildPhase section */

/* Begin XCBuildConfiguration section */
		DCFAFAA92FF8E63000CBCA4F /* Debug */ = {
			isa = XCBuildConfiguration;
			buildSettings = {
				ALWAYS_SEARCH_USER_PATHS = NO;
				ASSETCATALOG_COMPILER_GENERATE_SWIFT_ASSET_SYMBOL_EXTENSIONS = YES;
				CLANG_ANALYZER_NONNULL = YES;
				CLANG_ANALYZER_NUMBER_OBJECT_CONVERSION = YES_AGGRESSIVE;
				CLANG_CXX_LANGUAGE_STANDARD = "gnu++20";
				CLANG_ENABLE_MODULES = YES;
				CLANG_ENABLE_OBJC_ARC = YES;
				CLANG_ENABLE_OBJC_WEAK = YES;
				CLANG_WARN_BLOCK_CAPTURE_AUTORELEASING = YES;
				CLANG_WARN_BOOL_CONVERSION = YES;
				CLANG_WARN_COMMA = YES;
				CLANG_WARN_CONSTANT_CONVERSION = YES;
				CLANG_WARN_DEPRECATED_OBJC_IMPLEMENTATIONS = YES;
				CLANG_WARN_DIRECT_OBJC_ISA_USAGE = YES_ERROR;
				CLANG_WARN_DOCUMENTATION_COMMENTS = YES;
				CLANG_WARN_EMPTY_BODY = YES;
				CLANG_WARN_ENUM_CONVERSION = YES;
				CLANG_WARN_INFINITE_RECURSION = YES;
				CLANG_WARN_INT_CONVERSION = YES;
				CLANG_WARN_NON_LITERAL_NULL_CONVERSION = YES;
				CLANG_WARN_OBJC_IMPLICIT_RETAIN_SELF = YES;
				CLANG_WARN_OBJC_LITERAL_CONVERSION = YES;
				CLANG_WARN_OBJC_ROOT_CLASS = YES_ERROR;
				CLANG_WARN_QUOTED_INCLUDE_IN_FRAMEWORK_HEADER = YES;
				CLANG_WARN_RANGE_LOOP_ANALYSIS = YES;
				CLANG_WARN_STRICT_PROTOTYPES = YES;
				CLANG_WARN_SUSPICIOUS_MOVE = YES;
				CLANG_WARN_UNGUARDED_AVAILABILITY = YES_AGGRESSIVE;
				CLANG_WARN_UNREACHABLE_CODE = YES;
				CLANG_WARN__DUPLICATE_METHOD_MATCH = YES;
				COPY_PHASE_STRIP = NO;
				DEBUG_INFORMATION_FORMAT = dwarf;
				ENABLE_STRICT_OBJC_MSGSEND = YES;
				ENABLE_TESTABILITY = YES;
				ENABLE_USER_SCRIPT_SANDBOXING = YES;
				GCC_C_LANGUAGE_STANDARD = gnu17;
				GCC_DYNAMIC_NO_PIC = NO;
				GCC_NO_COMMON_BLOCKS = YES;
				GCC_OPTIMIZATION_LEVEL = 0;
				GCC_PREPROCESSOR_DEFINITIONS = (
					"DEBUG=1",
					"$(inherited)",
				);
				GCC_WARN_64_TO_32_BIT_CONVERSION = YES;
				GCC_WARN_ABOUT_RETURN_TYPE = YES_ERROR;
				GCC_WARN_UNDECLARED_SELECTOR = YES;
				GCC_WARN_UNINITIALIZED_AUTOS = YES_AGGRESSIVE;
				GCC_WARN_UNUSED_FUNCTION = YES;
				GCC_WARN_UNUSED_VARIABLE = YES;
				IPHONEOS_DEPLOYMENT_TARGET = 26.2;
				LOCALIZATION_PREFERS_STRING_CATALOGS = YES;
				MTL_ENABLE_DEBUG_INFO = INCLUDE_SOURCE;
				MTL_FAST_MATH = YES;
				ONLY_ACTIVE_ARCH = YES;
				SDKROOT = iphoneos;
				SWIFT_ACTIVE_COMPILATION_CONDITIONS = "DEBUG $(inherited)";
				SWIFT_OPTIMIZATION_LEVEL = "-Onone";
			};
			name = Debug;
		};
		DCFAFAAA2FF8E63000CBCA4F /* Release */ = {
			isa = XCBuildConfiguration;
			buildSettings = {
				ALWAYS_SEARCH_USER_PATHS = NO;
				ASSETCATALOG_COMPILER_GENERATE_SWIFT_ASSET_SYMBOL_EXTENSIONS = YES;
				CLANG_ANALYZER_NONNULL = YES;
				CLANG_ANALYZER_NUMBER_OBJECT_CONVERSION = YES_AGGRESSIVE;
				CLANG_CXX_LANGUAGE_STANDARD = "gnu++20";
				CLANG_ENABLE_MODULES = YES;
				CLANG_ENABLE_OBJC_ARC = YES;
				CLANG_ENABLE_OBJC_WEAK = YES;
				CLANG_WARN_BLOCK_CAPTURE_AUTORELEASING = YES;
				CLANG_WARN_BOOL_CONVERSION = YES;
				CLANG_WARN_COMMA = YES;
				CLANG_WARN_CONSTANT_CONVERSION = YES;
				CLANG_WARN_DEPRECATED_OBJC_IMPLEMENTATIONS = YES;
				CLANG_WARN_DIRECT_OBJC_ISA_USAGE = YES_ERROR;
				CLANG_WARN_DOCUMENTATION_COMMENTS = YES;
				CLANG_WARN_EMPTY_BODY = YES;
				CLANG_WARN_ENUM_CONVERSION = YES;
				CLANG_WARN_INFINITE_RECURSION = YES;
				CLANG_WARN_INT_CONVERSION = YES;
				CLANG_WARN_NON_LITERAL_NULL_CONVERSION = YES;
				CLANG_WARN_OBJC_IMPLICIT_RETAIN_SELF = YES;
				CLANG_WARN_OBJC_LITERAL_CONVERSION = YES;
				CLANG_WARN_OBJC_ROOT_CLASS = YES_ERROR;
				CLANG_WARN_QUOTED_INCLUDE_IN_FRAMEWORK_HEADER = YES;
				CLANG_WARN_RANGE_LOOP_ANALYSIS = YES;
				CLANG_WARN_STRICT_PROTOTYPES = YES;
				CLANG_WARN_SUSPICIOUS_MOVE = YES;
				CLANG_WARN_UNGUARDED_AVAILABILITY = YES_AGGRESSIVE;
				CLANG_WARN_UNREACHABLE_CODE = YES;
				CLANG_WARN__DUPLICATE_METHOD_MATCH = YES;
				COPY_PHASE_STRIP = NO;
				DEBUG_INFORMATION_FORMAT = "dwarf-with-dsym";
				ENABLE_NS_ASSERTIONS = NO;
				ENABLE_STRICT_OBJC_MSGSEND = YES;
				ENABLE_USER_SCRIPT_SANDBOXING = YES;
				GCC_C_LANGUAGE_STANDARD = gnu17;
				GCC_NO_COMMON_BLOCKS = YES;
				GCC_WARN_64_TO_32_BIT_CONVERSION = YES;
				GCC_WARN_ABOUT_RETURN_TYPE = YES_ERROR;
				GCC_WARN_UNDECLARED_SELECTOR = YES;
				GCC_WARN_UNINITIALIZED_AUTOS = YES_AGGRESSIVE;
				GCC_WARN_UNUSED_FUNCTION = YES;
				GCC_WARN_UNUSED_VARIABLE = YES;
				IPHONEOS_DEPLOYMENT_TARGET = 26.2;
				LOCALIZATION_PREFERS_STRING_CATALOGS = YES;
				MTL_ENABLE_DEBUG_INFO = NO;
				MTL_FAST_MATH = YES;
				SDKROOT = iphoneos;
				SWIFT_COMPILATION_MODE = wholemodule;
				VALIDATE_PRODUCT = YES;
			};
			name = Release;
		};
		DCFAFAAC2FF8E63000CBCA4F /* Debug */ = {
			isa = XCBuildConfiguration;
			buildSettings = {
				ASSETCATALOG_COMPILER_APPICON_NAME = AppIcon;
				ASSETCATALOG_COMPILER_GLOBAL_ACCENT_COLOR_NAME = AccentColor;
				CODE_SIGN_STYLE = Automatic;
				CURRENT_PROJECT_VERSION = 1;
				DEVELOPMENT_TEAM = DU6T2N6B5L;
				ENABLE_PREVIEWS = YES;
				GENERATE_INFOPLIST_FILE = YES;
				INFOPLIST_KEY_UIApplicationSceneManifest_Generation = YES;
				INFOPLIST_KEY_UIApplicationSupportsIndirectInputEvents = YES;
				INFOPLIST_KEY_UILaunchScreen_Generation = YES;
				INFOPLIST_KEY_UISupportedInterfaceOrientations_iPad = "UIInterfaceOrientationPortrait UIInterfaceOrientationPortraitUpsideDown UIInterfaceOrientationLandscapeLeft UIInterfaceOrientationLandscapeRight";
				INFOPLIST_KEY_UISupportedInterfaceOrientations_iPhone = "UIInterfaceOrientationPortrait UIInterfaceOrientationLandscapeLeft UIInterfaceOrientationLandscapeRight";
				LD_RUNPATH_SEARCH_PATHS = (
					"$(inherited)",
					"@executable_path/Frameworks",
				);
				MARKETING_VERSION = 1.0;
				PRODUCT_BUNDLE_IDENTIFIER = com.ricardocanales.avoro2026;
				PRODUCT_NAME = "$(TARGET_NAME)";
				STRING_CATALOG_GENERATE_SYMBOLS = YES;
				SUPPORTED_PLATFORMS = "iphoneos iphonesimulator";
				SUPPORTS_MACCATALYST = NO;
				SWIFT_APPROACHABLE_CONCURRENCY = YES;
				SWIFT_DEFAULT_ACTOR_ISOLATION = MainActor;
				SWIFT_EMIT_LOC_STRINGS = YES;
				SWIFT_UPCOMING_FEATURE_MEMBER_IMPORT_VISIBILITY = YES;
				SWIFT_VERSION = 5.0;
				TARGETED_DEVICE_FAMILY = 1;
			};
			name = Debug;
		};
		DCFAFAAD2FF8E63000CBCA4F /* Release */ = {
			isa = XCBuildConfiguration;
			buildSettings = {
				ASSETCATALOG_COMPILER_APPICON_NAME = AppIcon;
				ASSETCATALOG_COMPILER_GLOBAL_ACCENT_COLOR_NAME = AccentColor;
				CODE_SIGN_STYLE = Automatic;
				CURRENT_PROJECT_VERSION = 1;
				DEVELOPMENT_TEAM = DU6T2N6B5L;
				ENABLE_PREVIEWS = YES;
				GENERATE_INFOPLIST_FILE = YES;
				INFOPLIST_KEY_UIApplicationSceneManifest_Generation = YES;
				INFOPLIST_KEY_UIApplicationSupportsIndirectInputEvents = YES;
				INFOPLIST_KEY_UILaunchScreen_Generation = YES;
				INFOPLIST_KEY_UISupportedInterfaceOrientations_iPad = "UIInterfaceOrientationPortrait UIInterfaceOrientationPortraitUpsideDown UIInterfaceOrientationLandscapeLeft UIInterfaceOrientationLandscapeRight";
				INFOPLIST_KEY_UISupportedInterfaceOrientations_iPhone = "UIInterfaceOrientationPortrait UIInterfaceOrientationLandscapeLeft UIInterfaceOrientationLandscapeRight";
				LD_RUNPATH_SEARCH_PATHS = (
					"$(inherited)",
					"@executable_path/Frameworks",
				);
				MARKETING_VERSION = 1.0;
				PRODUCT_BUNDLE_IDENTIFIER = com.ricardocanales.avoro2026;
				PRODUCT_NAME = "$(TARGET_NAME)";
				STRING_CATALOG_GENERATE_SYMBOLS = YES;
				SUPPORTED_PLATFORMS = "iphoneos iphonesimulator";
				SUPPORTS_MACCATALYST = NO;
				SWIFT_APPROACHABLE_CONCURRENCY = YES;
				SWIFT_DEFAULT_ACTOR_ISOLATION = MainActor;
				SWIFT_EMIT_LOC_STRINGS = YES;
				SWIFT_UPCOMING_FEATURE_MEMBER_IMPORT_VISIBILITY = YES;
				SWIFT_VERSION = 5.0;
				TARGETED_DEVICE_FAMILY = 1;
			};
			name = Release;
		};
/* End XCBuildConfiguration section */

/* Begin XCConfigurationList section */
		DCFAFA9B2FF8E62E00CBCA4F /* Build configuration list for PBXProject "Avoro" */ = {
			isa = XCConfigurationList;
			buildConfigurations = (
				DCFAFAA92FF8E63000CBCA4F /* Debug */,
				DCFAFAAA2FF8E63000CBCA4F /* Release */,
			);
			defaultConfigurationIsVisible = 0;
			defaultConfigurationName = Release;
		};
		DCFAFAAB2FF8E63000CBCA4F /* Build configuration list for PBXNativeTarget "Avoro" */ = {
			isa = XCConfigurationList;
			buildConfigurations = (
				DCFAFAAC2FF8E63000CBCA4F /* Debug */,
				DCFAFAAD2FF8E63000CBCA4F /* Release */,
			);
			defaultConfigurationIsVisible = 0;
			defaultConfigurationName = Release;
		};
/* End XCConfigurationList section */

/* Begin XCRemoteSwiftPackageReference section */
		DCFAFAAE2FF8E9B400CBCA4F /* XCRemoteSwiftPackageReference "supabase-swift" */ = {
			isa = XCRemoteSwiftPackageReference;
			repositoryURL = "https://github.com/supabase/supabase-swift";
			requirement = {
				kind = upToNextMajorVersion;
				minimumVersion = 2.5.1;
			};
		};
/* End XCRemoteSwiftPackageReference section */

/* Begin XCSwiftPackageProductDependency section */
		DCFAFAAF2FF8E9B400CBCA4F /* Supabase */ = {
			isa = XCSwiftPackageProductDependency;
			package = DCFAFAAE2FF8E9B400CBCA4F /* XCRemoteSwiftPackageReference "supabase-swift" */;
			productName = Supabase;
		};
/* End XCSwiftPackageProductDependency section */
	};
	rootObject = DCFAFA982FF8E62E00CBCA4F /* Project object */;
}
